
Microsoft Visual Studio Solution File, Format Version 12.00
# Visual Studio Version 17
VisualStudioVersion = 17.8.34525.116
MinimumVisualStudioVersion = 10.0.40219.1
Project("{F184B08F-C81C-45F6-A57F-5ABD9991F28F}") = "Assignment A3_Olivia Thrasher", "Assignment A3_Olivia Thrasher\Assignment A3_Olivia Thrasher.vbproj", "{C9FE6935-EC3A-49BE-A43E-620809B2823A}"
EndProject
Global
	GlobalSection(SolutionConfigurationPlatforms) = preSolution
		Debug|Any CPU = Debug|Any CPU
		Release|Any CPU = Release|Any CPU
	EndGlobalSection
	GlobalSection(ProjectConfigurationPlatforms) = postSolution
		{C9FE6935-EC3A-49BE-A43E-620809B2823A}.Debug|Any CPU.ActiveCfg = Debug|Any CPU
		{C9FE6935-EC3A-49BE-A43E-620809B2823A}.Debug|Any CPU.Build.0 = Debug|Any CPU
		{C9FE6935-EC3A-49BE-A43E-620809B2823A}.Release|Any CPU.ActiveCfg = Release|Any CPU
		{C9FE6935-EC3A-49BE-A43E-620809B2823A}.Release|Any CPU.Build.0 = Release|Any CPU
	EndGlobalSection
	GlobalSection(SolutionProperties) = preSolution
		HideSolutionNode = FALSE
	EndGlobalSection
	GlobalSection(ExtensibilityGlobals) = postSolution
		SolutionGuid = {14AB30EA-7039-4C32-B322-478B89AC4E01}
	EndGlobalSection
EndGlobal
